github.com/petermattis/goid v0.0.0-20250813065127-a731cc31b4fe/go.mod h1:pxMtw7cyUw6B2bRH0ZBANSPg+AoSud1I1iyJHI69jH4=
github.com/petermattis/goid v0.0.0-20260330135022-df67b199bc81 h1:WDsQxOJDy0N1VRAjXLpi8sCEZRSGarLWQevDxpTBRrM=
github.com/petermattis/goid v0.0.0-20260330135022-df67b199bc81/go.mod h1:pxMtw7cyUw6B2bRH0ZBANSPg+AoSud1I1iyJHI69jH4=
github.com/sasha-s/go-deadlock v0.3.9 h1:fiaT9rB7g5sr5ddNZvlwheclN9IP86eFW9WgqlEQV+w=
github.com/sasha-s/go-deadlock v0.3.9/go.mod h1:KuZj51ZFmx42q/mPaYbRk0P1xcwe697zsJKE03vD4/Y=
